
Microsoft Visual Studio Solution File, Format Version 12.00
# Visual Studio 2012
Project("{FAE04EC0-301F-11D3-BF4B-00C04F79EFBC}") = "MvcApplication1", "MvcApplication1\MvcApplication1.csproj", "{470D6EA9-CB81-42C1-A849-96DEDDB64A01}"
EndProject
Project("{FAE04EC0-301F-11D3-BF4B-00C04F79EFBC}") = "MvcApplication1.Tests", "MvcApplication1.Tests\MvcApplication1.Tests.csproj", "{0AB4B1DF-1FCD-4431-9999-5B231C52868D}"
EndProject
Global
	GlobalSection(SolutionConfigurationPlatforms) = preSolution
		Debug|Any CPU = Debug|Any CPU
		Release|Any CPU = Release|Any CPU
	EndGlobalSection
	GlobalSection(ProjectConfigurationPlatforms) = postSolution
		{470D6EA9-CB81-42C1-A849-96DEDDB64A01}.Debug|Any CPU.ActiveCfg = Debug|Any CPU
		{470D6EA9-CB81-42C1-A849-96DEDDB64A01}.Debug|Any CPU.Build.0 = Debug|Any CPU
		{470D6EA9-CB81-42C1-A849-96DEDDB64A01}.Release|Any CPU.ActiveCfg = Release|Any CPU
		{470D6EA9-CB81-42C1-A849-96DEDDB64A01}.Release|Any CPU.Build.0 = Release|Any CPU
		{0AB4B1DF-1FCD-4431-9999-5B231C52868D}.Debug|Any CPU.ActiveCfg = Debug|Any CPU
		{0AB4B1DF-1FCD-4431-9999-5B231C52868D}.Debug|Any CPU.Build.0 = Debug|Any CPU
		{0AB4B1DF-1FCD-4431-9999-5B231C52868D}.Release|Any CPU.ActiveCfg = Release|Any CPU
		{0AB4B1DF-1FCD-4431-9999-5B231C52868D}.Release|Any CPU.Build.0 = Release|Any CPU
	EndGlobalSection
	GlobalSection(SolutionProperties) = preSolution
		HideSolutionNode = FALSE
	EndGlobalSection
EndGlobal
